
Microsoft Visual Studio Solution File, Format Version 12.00
# Visual Studio Version 17
VisualStudioVersion = 17.14.36408.4 d17.14
MinimumVisualStudioVersion = 10.0.40219.1
Project("{FAE04EC0-301F-11D3-BF4B-00C04F79EFBC}") = "IsNumberOddOrNot", "IsNumberOddOrNot.csproj", "{29ED9878-B50F-4F58-880C-836344DB1923}"
EndProject
Global
	GlobalSection(SolutionConfigurationPlatforms) = preSolution
		Debug|Any CPU = Debug|Any CPU
		Release|Any CPU = Release|Any CPU
	EndGlobalSection
	GlobalSection(ProjectConfigurationPlatforms) = postSolution
		{29ED9878-B50F-4F58-880C-836344DB1923}.Debug|Any CPU.ActiveCfg = Debug|Any CPU
		{29ED9878-B50F-4F58-880C-836344DB1923}.Debug|Any CPU.Build.0 = Debug|Any CPU
		{29ED9878-B50F-4F58-880C-836344DB1923}.Release|Any CPU.ActiveCfg = Release|Any CPU
		{29ED9878-B50F-4F58-880C-836344DB1923}.Release|Any CPU.Build.0 = Release|Any CPU
	EndGlobalSection
	GlobalSection(SolutionProperties) = preSolution
		HideSolutionNode = FALSE
	EndGlobalSection
	GlobalSection(ExtensibilityGlobals) = postSolution
		SolutionGuid = {0DA1C785-2B68-429C-98BC-035318FAC478}
	EndGlobalSection
EndGlobal
